// !$*UTF8*$!
{
	archiveVersion = 1;
	classes = {
	};
	objectVersion = 56;
	objects = {

/* Begin PBXBuildFile section */
		3016CC002C8612B40012897C /* MatchMateApp.swift in Sources */ = {isa = PBXBuildFile; fileRef = 3016CBFF2C8612B40012897C /* MatchMateApp.swift */; };
		3016CC022C8612B40012897C /* ProfileCardList.swift in Sources */ = {isa = PBXBuildFile; fileRef = 3016CC012C8612B40012897C /* ProfileCardList.swift */; };
		3016CC042C8612B50012897C /* Assets.xcassets in Resources */ = {isa = PBXBuildFile; fileRef = 3016CC032C8612B50012897C /* Assets.xcassets */; };
		3016CC072C8612B50012897C /* Preview Assets.xcassets in Resources */ = {isa = PBXBuildFile; fileRef = 3016CC062C8612B50012897C /* Preview Assets.xcassets */; };
		3016CC092C8612B50012897C /* Persistence.swift in Sources */ = {isa = PBXBuildFile; fileRef = 3016CC082C8612B50012897C /* Persistence.swift */; };
		3016CC0C2C8612B50012897C /* MatchMate.xcdatamodeld in Sources */ = {isa = PBXBuildFile; fileRef = 3016CC0A2C8612B50012897C /* MatchMate.xcdatamodeld */; };
		3016CC162C8612B60012897C /* MatchMateTests.swift in Sources */ = {isa = PBXBuildFile; fileRef = 3016CC152C8612B60012897C /* MatchMateTests.swift */; };
		3016CC202C8612B60012897C /* MatchMateUITests.swift in Sources */ = {isa = PBXBuildFile; fileRef = 3016CC1F2C8612B60012897C /* MatchMateUITests.swift */; };
		3016CC222C8612B60012897C /* MatchMateUITestsLaunchTests.swift in Sources */ = {isa = PBXBuildFile; fileRef = 3016CC212C8612B60012897C /* MatchMateUITestsLaunchTests.swift */; };
		3016CC302C86168F0012897C /* CachedAsyncImage in Frameworks */ = {isa = PBXBuildFile; productRef = 3016CC2F2C86168F0012897C /* CachedAsyncImage */; };
		3016CC322C8617E50012897C /* ProfileCardListViewModel.swift in Sources */ = {isa = PBXBuildFile; fileRef = 3016CC312C8617E50012897C /* ProfileCardListViewModel.swift */; };
		3016CC352C861A1D0012897C /* NetworkServiceProtocol.swift in Sources */ = {isa = PBXBuildFile; fileRef = 3016CC342C861A1D0012897C /* NetworkServiceProtocol.swift */; };
		3016CC382C861BC60012897C /* Alamofire in Frameworks */ = {isa = PBXBuildFile; productRef = 3016CC372C861BC60012897C /* Alamofire */; };
		3016CC3A2C861BC60012897C /* AlamofireDynamic in Frameworks */ = {isa = PBXBuildFile; productRef = 3016CC392C861BC60012897C /* AlamofireDynamic */; };
		3016CC3C2C861BEC0012897C /* NetworkService.swift in Sources */ = {isa = PBXBuildFile; fileRef = 3016CC3B2C861BEC0012897C /* NetworkService.swift */; };
		3016CC402C861DA30012897C /* ProfileModel.swift in Sources */ = {isa = PBXBuildFile; fileRef = 3016CC3F2C861DA30012897C /* ProfileModel.swift */; };
		3016CC432C8620360012897C /* ProfileNetworkService.swift in Sources */ = {isa = PBXBuildFile; fileRef = 3016CC422C8620360012897C /* ProfileNetworkService.swift */; };
		3016CC452C8626110012897C /* ProfileCard.swift in Sources */ = {isa = PBXBuildFile; fileRef = 3016CC442C8626110012897C /* ProfileCard.swift */; };
		3016CC472C8626D60012897C /* Profile+.swift in Sources */ = {isa = PBXBuildFile; fileRef = 3016CC462C8626D60012897C /* Profile+.swift */; };
		3016CC4D2C86398D0012897C /* ProfileCoreDataService.swift in Sources */ = {isa = PBXBuildFile; fileRef = 3016CC4C2C86398D0012897C /* ProfileCoreDataService.swift */; };
		3016CC502C863EBD0012897C /* ToastView.swift in Sources */ = {isa = PBXBuildFile; fileRef = 3016CC4F2C863EBD0012897C /* ToastView.swift */; };
		3016CC542C863F160012897C /* View+MatchMate.swift in Sources */ = {isa = PBXBuildFile; fileRef = 3016CC532C863F160012897C /* View+MatchMate.swift */; };
/* End PBXBuildFile section */

/* Begin PBXContainerItemProxy section */
		3016CC122C8612B60012897C /* PBXContainerItemProxy */ = {
			isa = PBXContainerItemProxy;
			containerPortal = 3016CBF42C8612B40012897C /* Project object */;
			proxyType = 1;
			remoteGlobalIDString = 3016CBFB2C8612B40012897C;
			remoteInfo = MatchMate;
		};
		3016CC1C2C8612B60012897C /* PBXContainerItemProxy */ = {
			isa = PBXContainerItemProxy;
			containerPortal = 3016CBF42C8612B40012897C /* Project object */;
			proxyType = 1;
			remoteGlobalIDString = 3016CBFB2C8612B40012897C;
			remoteInfo = MatchMate;
		};
/* End PBXContainerItemProxy section */

/* Begin PBXFileReference section */
		3016CBFC2C8612B40012897C /* MatchMate.app */ = {isa = PBXFileReference; explicitFileType = wrapper.application; includeInIndex = 0; path = MatchMate.app; sourceTree = BUILT_PRODUCTS_DIR; };
		3016CBFF2C8612B40012897C /* MatchMateApp.swift */ = {isa = PBXFileReference; lastKnownFileType = sourcecode.swift; path = MatchMateApp.swift; sourceTree = "<group>"; };
		3016CC012C8612B40012897C /* ProfileCardList.swift */ = {isa = PBXFileReference; lastKnownFileType = sourcecode.swift; path = ProfileCardList.swift; sourceTree = "<group>"; };
		3016CC032C8612B50012897C /* Assets.xcassets */ = {isa = PBXFileReference; lastKnownFileType = folder.assetcatalog; path = Assets.xcassets; sourceTree = "<group>"; };
		3016CC062C8612B50012897C /* Preview Assets.xcassets */ = {isa = PBXFileReference; lastKnownFileType = folder.assetcatalog; path = "Preview Assets.xcassets"; sourceTree = "<group>"; };
		3016CC082C8612B50012897C /* Persistence.swift */ = {isa = PBXFileReference; lastKnownFileType = sourcecode.swift; path = Persistence.swift; sourceTree = "<group>"; };
		3016CC0B2C8612B50012897C /* MatchMate.xcdatamodel */ = {isa = PBXFileReference; lastKnownFileType = wrapper.xcdatamodel; path = MatchMate.xcdatamodel; sourceTree = "<group>"; };
		3016CC112C8612B60012897C /* MatchMateTests.xctest */ = {isa = PBXFileReference; explicitFileType = wrapper.cfbundle; includeInIndex = 0; path = MatchMateTests.xctest; sourceTree = BUILT_PRODUCTS_DIR; };
		3016CC152C8612B60012897C /* MatchMateTests.swift */ = {isa = PBXFileReference; lastKnownFileType = sourcecode.swift; path = MatchMateTests.swift; sourceTree = "<group>"; };
		3016CC1B2C8612B60012897C /* MatchMateUITests.xctest */ = {isa = PBXFileReference; explicitFileType = wrapper.cfbundle; includeInIndex = 0; path = MatchMateUITests.xctest; sourceTree = BUILT_PRODUCTS_DIR; };
		3016CC1F2C8612B60012897C /* MatchMateUITests.swift */ = {isa = PBXFileReference; lastKnownFileType = sourcecode.swift; path = MatchMateUITests.swift; sourceTree = "<group>"; };
		3016CC212C8612B60012897C /* MatchMateUITestsLaunchTests.swift */ = {isa = PBXFileReference; lastKnownFileType = sourcecode.swift; path = MatchMateUITestsLaunchTests.swift; sourceTree = "<group>"; };
		3016CC312C8617E50012897C /* ProfileCardListViewModel.swift */ = {isa = PBXFileReference; lastKnownFileType = sourcecode.swift; path = ProfileCardListViewModel.swift; sourceTree = "<group>"; };
		3016CC342C861A1D0012897C /* NetworkServiceProtocol.swift */ = {isa = PBXFileReference; lastKnownFileType = sourcecode.swift; path = NetworkServiceProtocol.swift; sourceTree = "<group>"; };
		3016CC3B2C861BEC0012897C /* NetworkService.swift */ = {isa = PBXFileReference; lastKnownFileType = sourcecode.swift; path = NetworkService.swift; sourceTree = "<group>"; };
		3016CC3F2C861DA30012897C /* ProfileModel.swift */ = {isa = PBXFileReference; lastKnownFileType = sourcecode.swift; path = ProfileModel.swift; sourceTree = "<group>"; };
		3016CC422C8620360012897C /* ProfileNetworkService.swift */ = {isa = PBXFileReference; lastKnownFileType = sourcecode.swift; path = ProfileNetworkService.swift; sourceTree = "<group>"; };
		3016CC442C8626110012897C /* ProfileCard.swift */ = {isa = PBXFileReference; lastKnownFileType = sourcecode.swift; path = ProfileCard.swift; sourceTree = "<group>"; };
		3016CC462C8626D60012897C /* Profile+.swift */ = {isa = PBXFileReference; lastKnownFileType = sourcecode.swift; path = "Profile+.swift"; sourceTree = "<group>"; };
		3016CC4C2C86398D0012897C /* ProfileCoreDataService.swift */ = {isa = PBXFileReference; lastKnownFileType = sourcecode.swift; path = ProfileCoreDataService.swift; sourceTree = "<group>"; };
		3016CC4F2C863EBD0012897C /* ToastView.swift */ = {isa = PBXFileReference; lastKnownFileType = sourcecode.swift; path = ToastView.swift; sourceTree = "<group>"; };
		3016CC532C863F160012897C /* View+MatchMate.swift */ = {isa = PBXFileReference; lastKnownFileType = sourcecode.swift; path = "View+MatchMate.swift"; sourceTree = "<group>"; };
/* End PBXFileReference section */

/* Begin PBXFrameworksBuildPhase section */
		3016CBF92C8612B40012897C /* Frameworks */ = {
			isa = PBXFrameworksBuildPhase;
			buildActionMask = 2147483647;
			files = (
				3016CC302C86168F0012897C /* CachedAsyncImage in Frameworks */,
				3016CC3A2C861BC60012897C /* AlamofireDynamic in Frameworks */,
				3016CC382C861BC60012897C /* Alamofire in Frameworks */,
			);
			runOnlyForDeploymentPostprocessing = 0;
		};
		3016CC0E2C8612B60012897C /* Frameworks */ = {
			isa = PBXFrameworksBuildPhase;
			buildActionMask = 2147483647;
			files = (
			);
			runOnlyForDeploymentPostprocessing = 0;
		};
		3016CC182C8612B60012897C /* Frameworks */ = {
			isa = PBXFrameworksBuildPhase;
			buildActionMask = 2147483647;
			files = (
			);
			runOnlyForDeploymentPostprocessing = 0;
		};
/* End PBXFrameworksBuildPhase section */

/* Begin PBXGroup section */
		3016CBF32C8612B40012897C = {
			isa = PBXGroup;
			children = (
				3016CC512C863ED20012897C /* Extensions */,
				3016CC4E2C863EA90012897C /* CommonViews */,
				3016CBFE2C8612B40012897C /* MatchMate */,
				3016CC142C8612B60012897C /* MatchMateTests */,
				3016CC1E2C8612B60012897C /* MatchMateUITests */,
				3016CBFD2C8612B40012897C /* Products */,
			);
			sourceTree = "<group>";
		};
		3016CBFD2C8612B40012897C /* Products */ = {
			isa = PBXGroup;
			children = (
				3016CBFC2C8612B40012897C /* MatchMate.app */,
				3016CC112C8612B60012897C /* MatchMateTests.xctest */,
				3016CC1B2C8612B60012897C /* MatchMateUITests.xctest */,
			);
			name = Products;
			sourceTree = "<group>";
		};
		3016CBFE2C8612B40012897C /* MatchMate */ = {
			isa = PBXGroup;
			children = (
				3016CC3D2C861D710012897C /* ProfileCardList */,
				3016CC332C861A0C0012897C /* Network */,
				3016CBFF2C8612B40012897C /* MatchMateApp.swift */,
				3016CC032C8612B50012897C /* Assets.xcassets */,
				3016CC082C8612B50012897C /* Persistence.swift */,
				3016CC0A2C8612B50012897C /* MatchMate.xcdatamodeld */,
				3016CC052C8612B50012897C /* Preview Content */,
			);
			path = MatchMate;
			sourceTree = "<group>";
		};
		3016CC052C8612B50012897C /* Preview Content */ = {
			isa = PBXGroup;
			children = (
				3016CC062C8612B50012897C /* Preview Assets.xcassets */,
			);
			path = "Preview Content";
			sourceTree = "<group>";
		};
		3016CC142C8612B60012897C /* MatchMateTests */ = {
			isa = PBXGroup;
			children = (
				3016CC152C8612B60012897C /* MatchMateTests.swift */,
			);
			path = MatchMateTests;
			sourceTree = "<group>";
		};
		3016CC1E2C8612B60012897C /* MatchMateUITests */ = {
			isa = PBXGroup;
			children = (
				3016CC1F2C8612B60012897C /* MatchMateUITests.swift */,
				3016CC212C8612B60012897C /* MatchMateUITestsLaunchTests.swift */,
			);
			path = MatchMateUITests;
			sourceTree = "<group>";
		};
		3016CC332C861A0C0012897C /* Network */ = {
			isa = PBXGroup;
			children = (
				3016CC342C861A1D0012897C /* NetworkServiceProtocol.swift */,
				3016CC3B2C861BEC0012897C /* NetworkService.swift */,
			);
			path = Network;
			sourceTree = "<group>";
		};
		3016CC3D2C861D710012897C /* ProfileCardList */ = {
			isa = PBXGroup;
			children = (
				3016CC3E2C861D8B0012897C /* Model */,
				3016CC012C8612B40012897C /* ProfileCardList.swift */,
				3016CC312C8617E50012897C /* ProfileCardListViewModel.swift */,
				3016CC422C8620360012897C /* ProfileNetworkService.swift */,
				3016CC4C2C86398D0012897C /* ProfileCoreDataService.swift */,
			);
			path = ProfileCardList;
			sourceTree = "<group>";
		};
		3016CC3E2C861D8B0012897C /* Model */ = {
			isa = PBXGroup;
			children = (
				3016CC3F2C861DA30012897C /* ProfileModel.swift */,
				3016CC442C8626110012897C /* ProfileCard.swift */,
				3016CC462C8626D60012897C /* Profile+.swift */,
			);
			path = Model;
			sourceTree = "<group>";
		};
		3016CC4E2C863EA90012897C /* CommonViews */ = {
			isa = PBXGroup;
			children = (
				3016CC4F2C863EBD0012897C /* ToastView.swift */,
			);
			path = CommonViews;
			sourceTree = "<group>";
		};
		3016CC512C863ED20012897C /* Extensions */ = {
			isa = PBXGroup;
			children = (
				3016CC532C863F160012897C /* View+MatchMate.swift */,
			);
			path = Extensions;
			sourceTree = "<group>";
		};
/* End PBXGroup section */

/* Begin PBXNativeTarget section */
		3016CBFB2C8612B40012897C /* MatchMate */ = {
			isa = PBXNativeTarget;
			buildConfigurationList = 3016CC252C8612B60012897C /* Build configuration list for PBXNativeTarget "MatchMate" */;
			buildPhases = (
				3016CBF82C8612B40012897C /* Sources */,
				3016CBF92C8612B40012897C /* Frameworks */,
				3016CBFA2C8612B40012897C /* Resources */,
			);
			buildRules = (
			);
			dependencies = (
			);
			name = MatchMate;
			packageProductDependencies = (
				3016CC2F2C86168F0012897C /* CachedAsyncImage */,
				3016CC372C861BC60012897C /* Alamofire */,
				3016CC392C861BC60012897C /* AlamofireDynamic */,
			);
			productName = MatchMate;
			productReference = 3016CBFC2C8612B40012897C /* MatchMate.app */;
			productType = "com.apple.product-type.application";
		};
		3016CC102C8612B60012897C /* MatchMateTests */ = {
			isa = PBXNativeTarget;
			buildConfigurationList = 3016CC282C8612B60012897C /* Build configuration list for PBXNativeTarget "MatchMateTests" */;
			buildPhases = (
				3016CC0D2C8612B60012897C /* Sources */,
				3016CC0E2C8612B60012897C /* Frameworks */,
				3016CC0F2C8612B60012897C /* Resources */,
			);
			buildRules = (
			);
			dependencies = (
				3016CC132C8612B60012897C /* PBXTargetDependency */,
			);
			name = MatchMateTests;
			productName = MatchMateTests;
			productReference = 3016CC112C8612B60012897C /* MatchMateTests.xctest */;
			productType = "com.apple.product-type.bundle.unit-test";
		};
		3016CC1A2C8612B60012897C /* MatchMateUITests */ = {
			isa = PBXNativeTarget;
			buildConfigurationList = 3016CC2B2C8612B60012897C /* Build configuration list for PBXNativeTarget "MatchMateUITests" */;
			buildPhases = (
				3016CC172C8612B60012897C /* Sources */,
				3016CC182C8612B60012897C /* Frameworks */,
				3016CC192C8612B60012897C /* Resources */,
			);
			buildRules = (
			);
			dependencies = (
				3016CC1D2C8612B60012897C /* PBXTargetDependency */,
			);
			name = MatchMateUITests;
			productName = MatchMateUITests;
			productReference = 3016CC1B2C8612B60012897C /* MatchMateUITests.xctest */;
			productType = "com.apple.product-type.bundle.ui-testing";
		};
/* End PBXNativeTarget section */

/* Begin PBXProject section */
		3016CBF42C8612B40012897C /* Project object */ = {
			isa = PBXProject;
			attributes = {
				BuildIndependentTargetsInParallel = 1;
				LastSwiftUpdateCheck = 1500;
				LastUpgradeCheck = 1500;
				TargetAttributes = {
					3016CBFB2C8612B40012897C = {
						CreatedOnToolsVersion = 15.0;
					};
					3016CC102C8612B60012897C = {
						CreatedOnToolsVersion = 15.0;
						TestTargetID = 3016CBFB2C8612B40012897C;
					};
					3016CC1A2C8612B60012897C = {
						CreatedOnToolsVersion = 15.0;
						TestTargetID = 3016CBFB2C8612B40012897C;
					};
				};
			};
			buildConfigurationList = 3016CBF72C8612B40012897C /* Build configuration list for PBXProject "MatchMate" */;
			compatibilityVersion = "Xcode 14.0";
			developmentRegion = en;
			hasScannedForEncodings = 0;
			knownRegions = (
				en,
				Base,
			);
			mainGroup = 3016CBF32C8612B40012897C;
			packageReferences = (
				3016CC2E2C86168F0012897C /* XCRemoteSwiftPackageReference "swiftui-cached-async-image" */,
				3016CC362C861A820012897C /* XCRemoteSwiftPackageReference "Alamofire" */,
			);
			productRefGroup = 3016CBFD2C8612B40012897C /* Products */;
			projectDirPath = "";
			projectRoot = "";
			targets = (
				3016CBFB2C8612B40012897C /* MatchMate */,
				3016CC102C8612B60012897C /* MatchMateTests */,
				3016CC1A2C8612B60012897C /* MatchMateUITests */,
			);
		};
/* End PBXProject section */

/* Begin PBXResourcesBuildPhase section */
		3016CBFA2C8612B40012897C /* Resources */ = {
			isa = PBXResourcesBuildPhase;
			buildActionMask = 2147483647;
			files = (
				3016CC072C8612B50012897C /* Preview Assets.xcassets in Resources */,
				3016CC042C8612B50012897C /* Assets.xcassets in Resources */,
			);
			runOnlyForDeploymentPostprocessing = 0;
		};
		3016CC0F2C8612B60012897C /* Resources */ = {
			isa = PBXResourcesBuildPhase;
			buildActionMask = 2147483647;
			files = (
			);
			runOnlyForDeploymentPostprocessing = 0;
		};
		3016CC192C8612B60012897C /* Resources */ = {
			isa = PBXResourcesBuildPhase;
			buildActionMask = 2147483647;
			files = (
			);
			runOnlyForDeploymentPostprocessing = 0;
		};
/* End PBXResourcesBuildPhase section */

/* Begin PBXSourcesBuildPhase section */
		3016CBF82C8612B40012897C /* Sources */ = {
			isa = PBXSourcesBuildPhase;
			buildActionMask = 2147483647;
			files = (
				3016CC502C863EBD0012897C /* ToastView.swift in Sources */,
				3016CC322C8617E50012897C /* ProfileCardListViewModel.swift in Sources */,
				3016CC092C8612B50012897C /* Persistence.swift in Sources */,
				3016CC352C861A1D0012897C /* NetworkServiceProtocol.swift in Sources */,
				3016CC022C8612B40012897C /* ProfileCardList.swift in Sources */,
				3016CC0C2C8612B50012897C /* MatchMate.xcdatamodeld in Sources */,
				3016CC452C8626110012897C /* ProfileCard.swift in Sources */,
				3016CC472C8626D60012897C /* Profile+.swift in Sources */,
				3016CC432C8620360012897C /* ProfileNetworkService.swift in Sources */,
				3016CC542C863F160012897C /* View+MatchMate.swift in Sources */,
				3016CC4D2C86398D0012897C /* ProfileCoreDataService.swift in Sources */,
				3016CC002C8612B40012897C /* MatchMateApp.swift in Sources */,
				3016CC3C2C861BEC0012897C /* NetworkService.swift in Sources */,
				3016CC402C861DA30012897C /* ProfileModel.swift in Sources */,
			);
			runOnlyForDeploymentPostprocessing = 0;
		};
		3016CC0D2C8612B60012897C /* Sources */ = {
			isa = PBXSourcesBuildPhase;
			buildActionMask = 2147483647;
			files = (
				3016CC162C8612B60012897C /* MatchMateTests.swift in Sources */,
			);
			runOnlyForDeploymentPostprocessing = 0;
		};
		3016CC172C8612B60012897C /* Sources */ = {
			isa = PBXSourcesBuildPhase;
			buildActionMask = 2147483647;
			files = (
				3016CC202C8612B60012897C /* MatchMateUITests.swift in Sources */,
				3016CC222C8612B60012897C /* MatchMateUITestsLaunchTests.swift in Sources */,
			);
			runOnlyForDeploymentPostprocessing = 0;
		};
/* End PBXSourcesBuildPhase section */

/* Begin PBXTargetDependency section */
		3016CC132C8612B60012897C /* PBXTargetDependency */ = {
			isa = PBXTargetDependency;
			target = 3016CBFB2C8612B40012897C /* MatchMate */;
			targetProxy = 3016CC122C8612B60012897C /* PBXContainerItemProxy */;
		};
		3016CC1D2C8612B60012897C /* PBXTargetDependency */ = {
			isa = PBXTargetDependency;
			target = 3016CBFB2C8612B40012897C /* MatchMate */;
			targetProxy = 3016CC1C2C8612B60012897C /* PBXContainerItemProxy */;
		};
/* End PBXTargetDependency section */

/* Begin XCBuildConfiguration section */
		3016CC232C8612B60012897C /* Debug */ = {
			isa = XCBuildConfiguration;
			buildSettings = {
				ALWAYS_SEARCH_USER_PATHS = NO;
				ASSETCATALOG_COMPILER_GENERATE_SWIFT_ASSET_SYMBOL_EXTENSIONS = YES;
				CLANG_ANALYZER_NONNULL = YES;
				CLANG_ANALYZER_NUMBER_OBJECT_CONVERSION = YES_AGGRESSIVE;
				CLANG_CXX_LANGUAGE_STANDARD = "gnu++20";
				CLANG_ENABLE_MODULES = YES;
				CLANG_ENABLE_OBJC_ARC = YES;
				CLANG_ENABLE_OBJC_WEAK = YES;
				CLANG_WARN_BLOCK_CAPTURE_AUTORELEASING = YES;
				CLANG_WARN_BOOL_CONVERSION = YES;
				CLANG_WARN_COMMA = YES;
				CLANG_WARN_CONSTANT_CONVERSION = YES;
				CLANG_WARN_DEPRECATED_OBJC_IMPLEMENTATIONS = YES;
				CLANG_WARN_DIRECT_OBJC_ISA_USAGE = YES_ERROR;
				CLANG_WARN_DOCUMENTATION_COMMENTS = YES;
				CLANG_WARN_EMPTY_BODY = YES;
				CLANG_WARN_ENUM_CONVERSION = YES;
				CLANG_WARN_INFINITE_RECURSION = YES;
				CLANG_WARN_INT_CONVERSION = YES;
				CLANG_WARN_NON_LITERAL_NULL_CONVERSION = YES;
				CLANG_WARN_OBJC_IMPLICIT_RETAIN_SELF = YES;
				CLANG_WARN_OBJC_LITERAL_CONVERSION = YES;
				CLANG_WARN_OBJC_ROOT_CLASS = YES_ERROR;
				CLANG_WARN_QUOTED_INCLUDE_IN_FRAMEWORK_HEADER = YES;
				CLANG_WARN_RANGE_LOOP_ANALYSIS = YES;
				CLANG_WARN_STRICT_PROTOTYPES = YES;
				CLANG_WARN_SUSPICIOUS_MOVE = YES;
				CLANG_WARN_UNGUARDED_AVAILABILITY = YES_AGGRESSIVE;
				CLANG_WARN_UNREACHABLE_CODE = YES;
				CLANG_WARN__DUPLICATE_METHOD_MATCH = YES;
				COPY_PHASE_STRIP = NO;
				DEBUG_INFORMATION_FORMAT = dwarf;
				ENABLE_STRICT_OBJC_MSGSEND = YES;
				ENABLE_TESTABILITY = YES;
				ENABLE_USER_SCRIPT_SANDBOXING = YES;
				GCC_C_LANGUAGE_STANDARD = gnu17;
				GCC_DYNAMIC_NO_PIC = NO;
				GCC_NO_COMMON_BLOCKS = YES;
				GCC_OPTIMIZATION_LEVEL = 0;
				GCC_PREPROCESSOR_DEFINITIONS = (
					"DEBUG=1",
					"$(inherited)",
				);
				GCC_WARN_64_TO_32_BIT_CONVERSION = YES;
				GCC_WARN_ABOUT_RETURN_TYPE = YES_ERROR;
				GCC_WARN_UNDECLARED_SELECTOR = YES;
				GCC_WARN_UNINITIALIZED_AUTOS = YES_AGGRESSIVE;
				GCC_WARN_UNUSED_FUNCTION = YES;
				GCC_WARN_UNUSED_VARIABLE = YES;
				IPHONEOS_DEPLOYMENT_TARGET = 17.0;
				LOCALIZATION_PREFERS_STRING_CATALOGS = YES;
				MTL_ENABLE_DEBUG_INFO = INCLUDE_SOURCE;
				MTL_FAST_MATH = YES;
				ONLY_ACTIVE_ARCH = YES;
				SDKROOT = iphoneos;
				SWIFT_ACTIVE_COMPILATION_CONDITIONS = "DEBUG $(inherited)";
				SWIFT_OPTIMIZATION_LEVEL = "-Onone";
			};
			name = Debug;
		};
		3016CC242C8612B60012897C /* Release */ = {
			isa = XCBuildConfiguration;
			buildSettings = {
				ALWAYS_SEARCH_USER_PATHS = NO;
				ASSETCATALOG_COMPILER_GENERATE_SWIFT_ASSET_SYMBOL_EXTENSIONS = YES;
				CLANG_ANALYZER_NONNULL = YES;
				CLANG_ANALYZER_NUMBER_OBJECT_CONVERSION = YES_AGGRESSIVE;
				CLANG_CXX_LANGUAGE_STANDARD = "gnu++20";
				CLANG_ENABLE_MODULES = YES;
				CLANG_ENABLE_OBJC_ARC = YES;
				CLANG_ENABLE_OBJC_WEAK = YES;
				CLANG_WARN_BLOCK_CAPTURE_AUTORELEASING = YES;
				CLANG_WARN_BOOL_CONVERSION = YES;
				CLANG_WARN_COMMA = YES;
				CLANG_WARN_CONSTANT_CONVERSION = YES;
				CLANG_WARN_DEPRECATED_OBJC_IMPLEMENTATIONS = YES;
				CLANG_WARN_DIRECT_OBJC_ISA_USAGE = YES_ERROR;
				CLANG_WARN_DOCUMENTATION_COMMENTS = YES;
				CLANG_WARN_EMPTY_BODY = YES;
				CLANG_WARN_ENUM_CONVERSION = YES;
				CLANG_WARN_INFINITE_RECURSION = YES;
				CLANG_WARN_INT_CONVERSION = YES;
				CLANG_WARN_NON_LITERAL_NULL_CONVERSION = YES;
				CLANG_WARN_OBJC_IMPLICIT_RETAIN_SELF = YES;
				CLANG_WARN_OBJC_LITERAL_CONVERSION = YES;
				CLANG_WARN_OBJC_ROOT_CLASS = YES_ERROR;
				CLANG_WARN_QUOTED_INCLUDE_IN_FRAMEWORK_HEADER = YES;
				CLANG_WARN_RANGE_LOOP_ANALYSIS = YES;
				CLANG_WARN_STRICT_PROTOTYPES = YES;
				CLANG_WARN_SUSPICIOUS_MOVE = YES;
				CLANG_WARN_UNGUARDED_AVAILABILITY = YES_AGGRESSIVE;
				CLANG_WARN_UNREACHABLE_CODE = YES;
				CLANG_WARN__DUPLICATE_METHOD_MATCH = YES;
				COPY_PHASE_STRIP = NO;
				DEBUG_INFORMATION_FORMAT = "dwarf-with-dsym";
				ENABLE_NS_ASSERTIONS = NO;
				ENABLE_STRICT_OBJC_MSGSEND = YES;
				ENABLE_USER_SCRIPT_SANDBOXING = YES;
				GCC_C_LANGUAGE_STANDARD = gnu17;
				GCC_NO_COMMON_BLOCKS = YES;
				GCC_WARN_64_TO_32_BIT_CONVERSION = YES;
				GCC_WARN_ABOUT_RETURN_TYPE = YES_ERROR;
				GCC_WARN_UNDECLARED_SELECTOR = YES;
				GCC_WARN_UNINITIALIZED_AUTOS = YES_AGGRESSIVE;
				GCC_WARN_UNUSED_FUNCTION = YES;
				GCC_WARN_UNUSED_VARIABLE = YES;
				IPHONEOS_DEPLOYMENT_TARGET = 17.0;
				LOCALIZATION_PREFERS_STRING_CATALOGS = YES;
				MTL_ENABLE_DEBUG_INFO = NO;
				MTL_FAST_MATH = YES;
				SDKROOT = iphoneos;
				SWIFT_COMPILATION_MODE = wholemodule;
				VALIDATE_PRODUCT = YES;
			};
			name = Release;
		};
		3016CC262C8612B60012897C /* Debug */ = {
			isa = XCBuildConfiguration;
			buildSettings = {
				ASSETCATALOG_COMPILER_APPICON_NAME = AppIcon;
				ASSETCATALOG_COMPILER_GLOBAL_ACCENT_COLOR_NAME = AccentColor;
				CODE_SIGN_STYLE = Automatic;
				CURRENT_PROJECT_VERSION = 1;
				DEVELOPMENT_ASSET_PATHS = "\"MatchMate/Preview Content\"";
				DEVELOPMENT_TEAM = 569DB7XD35;
				ENABLE_PREVIEWS = YES;
				GENERATE_INFOPLIST_FILE = YES;
				INFOPLIST_KEY_UIApplicationSceneManifest_Generation = YES;
				INFOPLIST_KEY_UIApplicationSupportsIndirectInputEvents = YES;
				INFOPLIST_KEY_UILaunchScreen_Generation = YES;
				INFOPLIST_KEY_UISupportedInterfaceOrientations_iPad = "UIInterfaceOrientationPortrait UIInterfaceOrientationPortraitUpsideDown UIInterfaceOrientationLandscapeLeft UIInterfaceOrientationLandscapeRight";
				INFOPLIST_KEY_UISupportedInterfaceOrientations_iPhone = "UIInterfaceOrientationPortrait UIInterfaceOrientationLandscapeLeft UIInterfaceOrientationLandscapeRight";
				LD_RUNPATH_SEARCH_PATHS = (
					"$(inherited)",
					"@executable_path/Frameworks",
				);
				MARKETING_VERSION = 1.0;
				PRODUCT_BUNDLE_IDENTIFIER = com.shriram.movieRanking.MatchMate;
				PRODUCT_NAME = "$(TARGET_NAME)";
				SWIFT_EMIT_LOC_STRINGS = YES;
				SWIFT_VERSION = 5.0;
				TARGETED_DEVICE_FAMILY = "1,2";
			};
			name = Debug;
		};
		3016CC272C8612B60012897C /* Release */ = {
			isa = XCBuildConfiguration;
			buildSettings = {
				ASSETCATALOG_COMPILER_APPICON_NAME = AppIcon;
				ASSETCATALOG_COMPILER_GLOBAL_ACCENT_COLOR_NAME = AccentColor;
				CODE_SIGN_STYLE = Automatic;
				CURRENT_PROJECT_VERSION = 1;
				DEVELOPMENT_ASSET_PATHS = "\"MatchMate/Preview Content\"";
				DEVELOPMENT_TEAM = 569DB7XD35;
				ENABLE_PREVIEWS = YES;
				GENERATE_INFOPLIST_FILE = YES;
				INFOPLIST_KEY_UIApplicationSceneManifest_Generation = YES;
				INFOPLIST_KEY_UIApplicationSupportsIndirectInputEvents = YES;
				INFOPLIST_KEY_UILaunchScreen_Generation = YES;
				INFOPLIST_KEY_UISupportedInterfaceOrientations_iPad = "UIInterfaceOrientationPortrait UIInterfaceOrientationPortraitUpsideDown UIInterfaceOrientationLandscapeLeft UIInterfaceOrientationLandscapeRight";
				INFOPLIST_KEY_UISupportedInterfaceOrientations_iPhone = "UIInterfaceOrientationPortrait UIInterfaceOrientationLandscapeLeft UIInterfaceOrientationLandscapeRight";
				LD_RUNPATH_SEARCH_PATHS = (
					"$(inherited)",
					"@executable_path/Frameworks",
				);
				MARKETING_VERSION = 1.0;
				PRODUCT_BUNDLE_IDENTIFIER = com.shriram.movieRanking.MatchMate;
				PRODUCT_NAME = "$(TARGET_NAME)";
				SWIFT_EMIT_LOC_STRINGS = YES;
				SWIFT_VERSION = 5.0;
				TARGETED_DEVICE_FAMILY = "1,2";
			};
			name = Release;
		};
		3016CC292C8612B60012897C /* Debug */ = {
			isa = XCBuildConfiguration;
			buildSettings = {
				ALWAYS_EMBED_SWIFT_STANDARD_LIBRARIES = YES;
				BUNDLE_LOADER = "$(TEST_HOST)";
				CODE_SIGN_STYLE = Automatic;
				CURRENT_PROJECT_VERSION = 1;
				DEVELOPMENT_TEAM = 569DB7XD35;
				GENERATE_INFOPLIST_FILE = YES;
				IPHONEOS_DEPLOYMENT_TARGET = 17.0;
				MARKETING_VERSION = 1.0;
				PRODUCT_BUNDLE_IDENTIFIER = com.shriram.movieRanking.MatchMateTests;
				PRODUCT_NAME = "$(TARGET_NAME)";
				SWIFT_EMIT_LOC_STRINGS = NO;
				SWIFT_VERSION = 5.0;
				TARGETED_DEVICE_FAMILY = "1,2";
				TEST_HOST = "$(BUILT_PRODUCTS_DIR)/MatchMate.app/$(BUNDLE_EXECUTABLE_FOLDER_PATH)/MatchMate";
			};
			name = Debug;
		};
		3016CC2A2C8612B60012897C /* Release */ = {
			isa = XCBuildConfiguration;
			buildSettings = {
				ALWAYS_EMBED_SWIFT_STANDARD_LIBRARIES = YES;
				BUNDLE_LOADER = "$(TEST_HOST)";
				CODE_SIGN_STYLE = Automatic;
				CURRENT_PROJECT_VERSION = 1;
				DEVELOPMENT_TEAM = 569DB7XD35;
				GENERATE_INFOPLIST_FILE = YES;
				IPHONEOS_DEPLOYMENT_TARGET = 17.0;
				MARKETING_VERSION = 1.0;
				PRODUCT_BUNDLE_IDENTIFIER = com.shriram.movieRanking.MatchMateTests;
				PRODUCT_NAME = "$(TARGET_NAME)";
				SWIFT_EMIT_LOC_STRINGS = NO;
				SWIFT_VERSION = 5.0;
				TARGETED_DEVICE_FAMILY = "1,2";
				TEST_HOST = "$(BUILT_PRODUCTS_DIR)/MatchMate.app/$(BUNDLE_EXECUTABLE_FOLDER_PATH)/MatchMate";
			};
			name = Release;
		};
		3016CC2C2C8612B60012897C /* Debug */ = {
			isa = XCBuildConfiguration;
			buildSettings = {
				ALWAYS_EMBED_SWIFT_STANDARD_LIBRARIES = YES;
				CODE_SIGN_STYLE = Automatic;
				CURRENT_PROJECT_VERSION = 1;
				DEVELOPMENT_TEAM = 569DB7XD35;
				GENERATE_INFOPLIST_FILE = YES;
				MARKETING_VERSION = 1.0;
				PRODUCT_BUNDLE_IDENTIFIER = com.shriram.movieRanking.MatchMateUITests;
				PRODUCT_NAME = "$(TARGET_NAME)";
				SWIFT_EMIT_LOC_STRINGS = NO;
				SWIFT_VERSION = 5.0;
				TARGETED_DEVICE_FAMILY = "1,2";
				TEST_TARGET_NAME = MatchMate;
			};
			name = Debug;
		};
		3016CC2D2C8612B60012897C /* Release */ = {
			isa = XCBuildConfiguration;
			buildSettings = {
				ALWAYS_EMBED_SWIFT_STANDARD_LIBRARIES = YES;
				CODE_SIGN_STYLE = Automatic;
				CURRENT_PROJECT_VERSION = 1;
				DEVELOPMENT_TEAM = 569DB7XD35;
				GENERATE_INFOPLIST_FILE = YES;
				MARKETING_VERSION = 1.0;
				PRODUCT_BUNDLE_IDENTIFIER = com.shriram.movieRanking.MatchMateUITests;
				PRODUCT_NAME = "$(TARGET_NAME)";
				SWIFT_EMIT_LOC_STRINGS = NO;
				SWIFT_VERSION = 5.0;
				TARGETED_DEVICE_FAMILY = "1,2";
				TEST_TARGET_NAME = MatchMate;
			};
			name = Release;
		};
/* End XCBuildConfiguration section */

/* Begin XCConfigurationList section */
		3016CBF72C8612B40012897C /* Build configuration list for PBXProject "MatchMate" */ = {
			isa = XCConfigurationList;
			buildConfigurations = (
				3016CC232C8612B60012897C /* Debug */,
				3016CC242C8612B60012897C /* Release */,
			);
			defaultConfigurationIsVisible = 0;
			defaultConfigurationName = Release;
		};
		3016CC252C8612B60012897C /* Build configuration list for PBXNativeTarget "MatchMate" */ = {
			isa = XCConfigurationList;
			buildConfigurations = (
				3016CC262C8612B60012897C /* Debug */,
				3016CC272C8612B60012897C /* Release */,
			);
			defaultConfigurationIsVisible = 0;
			defaultConfigurationName = Release;
		};
		3016CC282C8612B60012897C /* Build configuration list for PBXNativeTarget "MatchMateTests" */ = {
			isa = XCConfigurationList;
			buildConfigurations = (
				3016CC292C8612B60012897C /* Debug */,
				3016CC2A2C8612B60012897C /* Release */,
			);
			defaultConfigurationIsVisible = 0;
			defaultConfigurationName = Release;
		};
		3016CC2B2C8612B60012897C /* Build configuration list for PBXNativeTarget "MatchMateUITests" */ = {
			isa = XCConfigurationList;
			buildConfigurations = (
				3016CC2C2C8612B60012897C /* Debug */,
				3016CC2D2C8612B60012897C /* Release */,
			);
			defaultConfigurationIsVisible = 0;
			defaultConfigurationName = Release;
		};
/* End XCConfigurationList section */

/* Begin XCRemoteSwiftPackageReference section */
		3016CC2E2C86168F0012897C /* XCRemoteSwiftPackageReference "swiftui-cached-async-image" */ = {
			isa = XCRemoteSwiftPackageReference;
			repositoryURL = "https://github.com/lorenzofiamingo/swiftui-cached-async-image";
			requirement = {
				kind = upToNextMajorVersion;
				minimumVersion = 2.1.1;
			};
		};
		3016CC362C861A820012897C /* XCRemoteSwiftPackageReference "Alamofire" */ = {
			isa = XCRemoteSwiftPackageReference;
			repositoryURL = "https://github.com/Alamofire/Alamofire.git";
			requirement = {
				kind = upToNextMajorVersion;
				minimumVersion = 5.9.1;
			};
		};
/* End XCRemoteSwiftPackageReference section */

/* Begin XCSwiftPackageProductDependency section */
		3016CC2F2C86168F0012897C /* CachedAsyncImage */ = {
			isa = XCSwiftPackageProductDependency;
			package = 3016CC2E2C86168F0012897C /* XCRemoteSwiftPackageReference "swiftui-cached-async-image" */;
			productName = CachedAsyncImage;
		};
		3016CC372C861BC60012897C /* Alamofire */ = {
			isa = XCSwiftPackageProductDependency;
			package = 3016CC362C861A820012897C /* XCRemoteSwiftPackageReference "Alamofire" */;
			productName = Alamofire;
		};
		3016CC392C861BC60012897C /* AlamofireDynamic */ = {
			isa = XCSwiftPackageProductDependency;
			package = 3016CC362C861A820012897C /* XCRemoteSwiftPackageReference "Alamofire" */;
			productName = AlamofireDynamic;
		};
/* End XCSwiftPackageProductDependency section */

/* Begin XCVersionGroup section */
		3016CC0A2C8612B50012897C /* MatchMate.xcdatamodeld */ = {
			isa = XCVersionGroup;
			children = (
				3016CC0B2C8612B50012897C /* MatchMate.xcdatamodel */,
			);
			currentVersion = 3016CC0B2C8612B50012897C /* MatchMate.xcdatamodel */;
			path = MatchMate.xcdatamodeld;
			sourceTree = "<group>";
			versionGroupType = wrapper.xcdatamodel;
		};
/* End XCVersionGroup section */
	};
	rootObject = 3016CBF42C8612B40012897C /* Project object */;
}
